
Microsoft Visual Studio Solution File, Format Version 12.00
# Visual Studio Version 17
VisualStudioVersion = 17.5.33209.295
MinimumVisualStudioVersion = 10.0.40219.1
Project("{FAE04EC0-301F-11D3-BF4B-00C04F79EFBC}") = "BooksManager.Common", "BooksManager.Common\BooksManager.Common.csproj", "{C8F0EABC-7E23-4381-ABFE-34278A9198F6}"
EndProject
Project("{FAE04EC0-301F-11D3-BF4B-00C04F79EFBC}") = "BooksManager.BooksService", "BooksManager.BooksService\BooksManager.BooksService.csproj", "{156A4FAC-10F0-4905-9D2E-CE5B3F653904}"
EndProject
Project("{FAE04EC0-301F-11D3-BF4B-00C04F79EFBC}") = "BooksManager.BooksService.Tests", "BooksManager.BooksService.Tests\BooksManager.BooksService.Tests.csproj", "{4A1715B5-BC96-4A47-AD96-BEBF34995FB7}"
EndProject
Global
	GlobalSection(SolutionConfigurationPlatforms) = preSolution
		Debug|Any CPU = Debug|Any CPU
		Release|Any CPU = Release|Any CPU
	EndGlobalSection
	GlobalSection(ProjectConfigurationPlatforms) = postSolution
		{C8F0EABC-7E23-4381-ABFE-34278A9198F6}.Debug|Any CPU.ActiveCfg = Debug|Any CPU
		{C8F0EABC-7E23-4381-ABFE-34278A9198F6}.Debug|Any CPU.Build.0 = Debug|Any CPU
		{C8F0EABC-7E23-4381-ABFE-34278A9198F6}.Release|Any CPU.ActiveCfg = Release|Any CPU
		{C8F0EABC-7E23-4381-ABFE-34278A9198F6}.Release|Any CPU.Build.0 = Release|Any CPU
		{156A4FAC-10F0-4905-9D2E-CE5B3F653904}.Debug|Any CPU.ActiveCfg = Debug|Any CPU
		{156A4FAC-10F0-4905-9D2E-CE5B3F653904}.Debug|Any CPU.Build.0 = Debug|Any CPU
		{156A4FAC-10F0-4905-9D2E-CE5B3F653904}.Release|Any CPU.ActiveCfg = Release|Any CPU
		{156A4FAC-10F0-4905-9D2E-CE5B3F653904}.Release|Any CPU.Build.0 = Release|Any CPU
		{4A1715B5-BC96-4A47-AD96-BEBF34995FB7}.Debug|Any CPU.ActiveCfg = Debug|Any CPU
		{4A1715B5-BC96-4A47-AD96-BEBF34995FB7}.Debug|Any CPU.Build.0 = Debug|Any CPU
		{4A1715B5-BC96-4A47-AD96-BEBF34995FB7}.Release|Any CPU.ActiveCfg = Release|Any CPU
		{4A1715B5-BC96-4A47-AD96-BEBF34995FB7}.Release|Any CPU.Build.0 = Release|Any CPU
	EndGlobalSection
	GlobalSection(SolutionProperties) = preSolution
		HideSolutionNode = FALSE
	EndGlobalSection
	GlobalSection(ExtensibilityGlobals) = postSolution
		SolutionGuid = {CAF6EBD9-C3BB-40E5-933F-A3CE4D9561EC}
	EndGlobalSection
EndGlobal
